
Microsoft Visual Studio Solution File, Format Version 12.00
# Visual Studio Version 16
VisualStudioVersion = 16.0.31005.135
MinimumVisualStudioVersion = 10.0.40219.1
Project("{159641D6-6404-4A2A-AE62-294DE0FE8301}") = "IS DWH Projekt", "IS DWH Projekt.dtproj", "{E076DE9A-274C-4D50-B60D-30E8FE03BF29}"
EndProject
Global
	GlobalSection(SolutionConfigurationPlatforms) = preSolution
		Development|Default = Development|Default
	EndGlobalSection
	GlobalSection(ProjectConfigurationPlatforms) = postSolution
		{E076DE9A-274C-4D50-B60D-30E8FE03BF29}.Development|Default.ActiveCfg = Development
		{E076DE9A-274C-4D50-B60D-30E8FE03BF29}.Development|Default.Build.0 = Development
	EndGlobalSection
	GlobalSection(SolutionProperties) = preSolution
		HideSolutionNode = FALSE
	EndGlobalSection
	GlobalSection(ExtensibilityGlobals) = postSolution
		SolutionGuid = {184E41B7-F368-442E-AC47-CF82D8E0B336}
	EndGlobalSection
EndGlobal
